// !$*UTF8*$!
{
	archiveVersion = 1;
	classes = {
	};
	objectVersion = 56;
	objects = {

/* Begin PBXBuildFile section */
		AFC33C542A873981003AC0B3 /* myHockey_VictoriaApp.swift in Sources */ = {isa = PBXBuildFile; fileRef = AFC33C532A873981003AC0B3 /* myHockey_VictoriaApp.swift */; };
		AFC33C562A873981003AC0B3 /* ContentView.swift in Sources */ = {isa = PBXBuildFile; fileRef = AFC33C552A873981003AC0B3 /* ContentView.swift */; };
		AFC33C582A873981003AC0B3 /* Assets.xcassets in Resources */ = {isa = PBXBuildFile; fileRef = AFC33C572A873981003AC0B3 /* Assets.xcassets */; };
		AFC33C5B2A873981003AC0B3 /* Preview Assets.xcassets in Resources */ = {isa = PBXBuildFile; fileRef = AFC33C5A2A873981003AC0B3 /* Preview Assets.xcassets */; };
		AFC33C622A8739CD003AC0B3 /* Classes.swift in Sources */ = {isa = PBXBuildFile; fileRef = AFC33C612A8739CD003AC0B3 /* Classes.swift */; };
		AFC33C662A8745DB003AC0B3 /* NoNetworkView.swift in Sources */ = {isa = PBXBuildFile; fileRef = AFC33C652A8745DB003AC0B3 /* NoNetworkView.swift */; };
		AFC33C682A874D4D003AC0B3 /* MainTabView.swift in Sources */ = {isa = PBXBuildFile; fileRef = AFC33C672A874D4D003AC0B3 /* MainTabView.swift */; };
		AFC33C6A2A876341003AC0B3 /* GetInitialTeamView.swift in Sources */ = {isa = PBXBuildFile; fileRef = AFC33C692A876341003AC0B3 /* GetInitialTeamView.swift */; };
/* End PBXBuildFile section */

/* Begin PBXFileReference section */
		AFC33C502A873981003AC0B3 /* myHockey Victoria.app */ = {isa = PBXFileReference; explicitFileType = wrapper.application; includeInIndex = 0; path = "myHockey Victoria.app"; sourceTree = BUILT_PRODUCTS_DIR; };
		AFC33C532A873981003AC0B3 /* myHockey_VictoriaApp.swift */ = {isa = PBXFileReference; lastKnownFileType = sourcecode.swift; path = myHockey_VictoriaApp.swift; sourceTree = "<group>"; };
		AFC33C552A873981003AC0B3 /* ContentView.swift */ = {isa = PBXFileReference; lastKnownFileType = sourcecode.swift; path = ContentView.swift; sourceTree = "<group>"; };
		AFC33C572A873981003AC0B3 /* Assets.xcassets */ = {isa = PBXFileReference; lastKnownFileType = folder.assetcatalog; path = Assets.xcassets; sourceTree = "<group>"; };
		AFC33C5A2A873981003AC0B3 /* Preview Assets.xcassets */ = {isa = PBXFileReference; lastKnownFileType = folder.assetcatalog; path = "Preview Assets.xcassets"; sourceTree = "<group>"; };
		AFC33C612A8739CD003AC0B3 /* Classes.swift */ = {isa = PBXFileReference; lastKnownFileType = sourcecode.swift; path = Classes.swift; sourceTree = "<group>"; };
		AFC33C652A8745DB003AC0B3 /* NoNetworkView.swift */ = {isa = PBXFileReference; lastKnownFileType = sourcecode.swift; path = NoNetworkView.swift; sourceTree = "<group>"; };
		AFC33C672A874D4D003AC0B3 /* MainTabView.swift */ = {isa = PBXFileReference; lastKnownFileType = sourcecode.swift; path = MainTabView.swift; sourceTree = "<group>"; };
		AFC33C692A876341003AC0B3 /* GetInitialTeamView.swift */ = {isa = PBXFileReference; lastKnownFileType = sourcecode.swift; path = GetInitialTeamView.swift; sourceTree = "<group>"; };
/* End PBXFileReference section */

/* Begin PBXFrameworksBuildPhase section */
		AFC33C4D2A873981003AC0B3 /* Frameworks */ = {
			isa = PBXFrameworksBuildPhase;
			buildActionMask = 2147483647;
			files = (
			);
			runOnlyForDeploymentPostprocessing = 0;
		};
/* End PBXFrameworksBuildPhase section */

/* Begin PBXGroup section */
		AFC33C472A873981003AC0B3 = {
			isa = PBXGroup;
			children = (
				AFC33C522A873981003AC0B3 /* myHockey Victoria */,
				AFC33C512A873981003AC0B3 /* Products */,
			);
			sourceTree = "<group>";
		};
		AFC33C512A873981003AC0B3 /* Products */ = {
			isa = PBXGroup;
			children = (
				AFC33C502A873981003AC0B3 /* myHockey Victoria.app */,
			);
			name = Products;
			sourceTree = "<group>";
		};
		AFC33C522A873981003AC0B3 /* myHockey Victoria */ = {
			isa = PBXGroup;
			children = (
				AFC33C642A8745A5003AC0B3 /* Scripts */,
				AFC33C632A874593003AC0B3 /* Views */,
				AFC33C532A873981003AC0B3 /* myHockey_VictoriaApp.swift */,
				AFC33C572A873981003AC0B3 /* Assets.xcassets */,
				AFC33C592A873981003AC0B3 /* Preview Content */,
			);
			path = "myHockey Victoria";
			sourceTree = "<group>";
		};
		AFC33C592A873981003AC0B3 /* Preview Content */ = {
			isa = PBXGroup;
			children = (
				AFC33C5A2A873981003AC0B3 /* Preview Assets.xcassets */,
			);
			path = "Preview Content";
			sourceTree = "<group>";
		};
		AFC33C632A874593003AC0B3 /* Views */ = {
			isa = PBXGroup;
			children = (
				AFC33C552A873981003AC0B3 /* ContentView.swift */,
				AFC33C652A8745DB003AC0B3 /* NoNetworkView.swift */,
				AFC33C672A874D4D003AC0B3 /* MainTabView.swift */,
				AFC33C692A876341003AC0B3 /* GetInitialTeamView.swift */,
			);
			path = Views;
			sourceTree = "<group>";
		};
		AFC33C642A8745A5003AC0B3 /* Scripts */ = {
			isa = PBXGroup;
			children = (
				AFC33C612A8739CD003AC0B3 /* Classes.swift */,
			);
			path = Scripts;
			sourceTree = "<group>";
		};
/* End PBXGroup section */

/* Begin PBXNativeTarget section */
		AFC33C4F2A873981003AC0B3 /* myHockey Victoria */ = {
			isa = PBXNativeTarget;
			buildConfigurationList = AFC33C5E2A873981003AC0B3 /* Build configuration list for PBXNativeTarget "myHockey Victoria" */;
			buildPhases = (
				AFC33C4C2A873981003AC0B3 /* Sources */,
				AFC33C4D2A873981003AC0B3 /* Frameworks */,
				AFC33C4E2A873981003AC0B3 /* Resources */,
			);
			buildRules = (
			);
			dependencies = (
			);
			name = "myHockey Victoria";
			productName = "myHockey Victoria";
			productReference = AFC33C502A873981003AC0B3 /* myHockey Victoria.app */;
			productType = "com.apple.product-type.application";
		};
/* End PBXNativeTarget section */

/* Begin PBXProject section */
		AFC33C482A873981003AC0B3 /* Project object */ = {
			isa = PBXProject;
			attributes = {
				BuildIndependentTargetsInParallel = 1;
				LastSwiftUpdateCheck = 1430;
				LastUpgradeCheck = 1430;
				TargetAttributes = {
					AFC33C4F2A873981003AC0B3 = {
						CreatedOnToolsVersion = 14.3.1;
					};
				};
			};
			buildConfigurationList = AFC33C4B2A873981003AC0B3 /* Build configuration list for PBXProject "myHockey Victoria" */;
			compatibilityVersion = "Xcode 14.0";
			developmentRegion = en;
			hasScannedForEncodings = 0;
			knownRegions = (
				en,
				Base,
			);
			mainGroup = AFC33C472A873981003AC0B3;
			productRefGroup = AFC33C512A873981003AC0B3 /* Products */;
			projectDirPath = "";
			projectRoot = "";
			targets = (
				AFC33C4F2A873981003AC0B3 /* myHockey Victoria */,
			);
		};
/* End PBXProject section */

/* Begin PBXResourcesBuildPhase section */
		AFC33C4E2A873981003AC0B3 /* Resources */ = {
			isa = PBXResourcesBuildPhase;
			buildActionMask = 2147483647;
			files = (
				AFC33C5B2A873981003AC0B3 /* Preview Assets.xcassets in Resources */,
				AFC33C582A873981003AC0B3 /* Assets.xcassets in Resources */,
			);
			runOnlyForDeploymentPostprocessing = 0;
		};
/* End PBXResourcesBuildPhase section */

/* Begin PBXSourcesBuildPhase section */
		AFC33C4C2A873981003AC0B3 /* Sources */ = {
			isa = PBXSourcesBuildPhase;
			buildActionMask = 2147483647;
			files = (
				AFC33C662A8745DB003AC0B3 /* NoNetworkView.swift in Sources */,
				AFC33C562A873981003AC0B3 /* ContentView.swift in Sources */,
				AFC33C542A873981003AC0B3 /* myHockey_VictoriaApp.swift in Sources */,
				AFC33C6A2A876341003AC0B3 /* GetInitialTeamView.swift in Sources */,
				AFC33C622A8739CD003AC0B3 /* Classes.swift in Sources */,
				AFC33C682A874D4D003AC0B3 /* MainTabView.swift in Sources */,
			);
			runOnlyForDeploymentPostprocessing = 0;
		};
/* End PBXSourcesBuildPhase section */

/* Begin XCBuildConfiguration section */
		AFC33C5C2A873981003AC0B3 /* Debug */ = {
			isa = XCBuildConfiguration;
			buildSettings = {
				ALWAYS_SEARCH_USER_PATHS = NO;
				CLANG_ANALYZER_NONNULL = YES;
				CLANG_ANALYZER_NUMBER_OBJECT_CONVERSION = YES_AGGRESSIVE;
				CLANG_CXX_LANGUAGE_STANDARD = "gnu++20";
				CLANG_ENABLE_MODULES = YES;
				CLANG_ENABLE_OBJC_ARC = YES;
				CLANG_ENABLE_OBJC_WEAK = YES;
				CLANG_WARN_BLOCK_CAPTURE_AUTORELEASING = YES;
				CLANG_WARN_BOOL_CONVERSION = YES;
				CLANG_WARN_COMMA = YES;
				CLANG_WARN_CONSTANT_CONVERSION = YES;
				CLANG_WARN_DEPRECATED_OBJC_IMPLEMENTATIONS = YES;
				CLANG_WARN_DIRECT_OBJC_ISA_USAGE = YES_ERROR;
				CLANG_WARN_DOCUMENTATION_COMMENTS = YES;
				CLANG_WARN_EMPTY_BODY = YES;
				CLANG_WARN_ENUM_CONVERSION = YES;
				CLANG_WARN_INFINITE_RECURSION = YES;
				CLANG_WARN_INT_CONVERSION = YES;
				CLANG_WARN_NON_LITERAL_NULL_CONVERSION = YES;
				CLANG_WARN_OBJC_IMPLICIT_RETAIN_SELF = YES;
				CLANG_WARN_OBJC_LITERAL_CONVERSION = YES;
				CLANG_WARN_OBJC_ROOT_CLASS = YES_ERROR;
				CLANG_WARN_QUOTED_INCLUDE_IN_FRAMEWORK_HEADER = YES;
				CLANG_WARN_RANGE_LOOP_ANALYSIS = YES;
				CLANG_WARN_STRICT_PROTOTYPES = YES;
				CLANG_WARN_SUSPICIOUS_MOVE = YES;
				CLANG_WARN_UNGUARDED_AVAILABILITY = YES_AGGRESSIVE;
				CLANG_WARN_UNREACHABLE_CODE = YES;
				CLANG_WARN__DUPLICATE_METHOD_MATCH = YES;
				COPY_PHASE_STRIP = NO;
				DEBUG_INFORMATION_FORMAT = dwarf;
				ENABLE_STRICT_OBJC_MSGSEND = YES;
				ENABLE_TESTABILITY = YES;
				GCC_C_LANGUAGE_STANDARD = gnu11;
				GCC_DYNAMIC_NO_PIC = NO;
				GCC_NO_COMMON_BLOCKS = YES;
				GCC_OPTIMIZATION_LEVEL = 0;
				GCC_PREPROCESSOR_DEFINITIONS = (
					"DEBUG=1",
					"$(inherited)",
				);
				GCC_WARN_64_TO_32_BIT_CONVERSION = YES;
				GCC_WARN_ABOUT_RETURN_TYPE = YES_ERROR;
				GCC_WARN_UNDECLARED_SELECTOR = YES;
				GCC_WARN_UNINITIALIZED_AUTOS = YES_AGGRESSIVE;
				GCC_WARN_UNUSED_FUNCTION = YES;
				GCC_WARN_UNUSED_VARIABLE = YES;
				IPHONEOS_DEPLOYMENT_TARGET = 16.4;
				MTL_ENABLE_DEBUG_INFO = INCLUDE_SOURCE;
				MTL_FAST_MATH = YES;
				ONLY_ACTIVE_ARCH = YES;
				SDKROOT = iphoneos;
				SWIFT_ACTIVE_COMPILATION_CONDITIONS = DEBUG;
				SWIFT_OPTIMIZATION_LEVEL = "-Onone";
			};
			name = Debug;
		};
		AFC33C5D2A873981003AC0B3 /* Release */ = {
			isa = XCBuildConfiguration;
			buildSettings = {
				ALWAYS_SEARCH_USER_PATHS = NO;
				CLANG_ANALYZER_NONNULL = YES;
				CLANG_ANALYZER_NUMBER_OBJECT_CONVERSION = YES_AGGRESSIVE;
				CLANG_CXX_LANGUAGE_STANDARD = "gnu++20";
				CLANG_ENABLE_MODULES = YES;
				CLANG_ENABLE_OBJC_ARC = YES;
				CLANG_ENABLE_OBJC_WEAK = YES;
				CLANG_WARN_BLOCK_CAPTURE_AUTORELEASING = YES;
				CLANG_WARN_BOOL_CONVERSION = YES;
				CLANG_WARN_COMMA = YES;
				CLANG_WARN_CONSTANT_CONVERSION = YES;
				CLANG_WARN_DEPRECATED_OBJC_IMPLEMENTATIONS = YES;
				CLANG_WARN_DIRECT_OBJC_ISA_USAGE = YES_ERROR;
				CLANG_WARN_DOCUMENTATION_COMMENTS = YES;
				CLANG_WARN_EMPTY_BODY = YES;
				CLANG_WARN_ENUM_CONVERSION = YES;
				CLANG_WARN_INFINITE_RECURSION = YES;
				CLANG_WARN_INT_CONVERSION = YES;
				CLANG_WARN_NON_LITERAL_NULL_CONVERSION = YES;
				CLANG_WARN_OBJC_IMPLICIT_RETAIN_SELF = YES;
				CLANG_WARN_OBJC_LITERAL_CONVERSION = YES;
				CLANG_WARN_OBJC_ROOT_CLASS = YES_ERROR;
				CLANG_WARN_QUOTED_INCLUDE_IN_FRAMEWORK_HEADER = YES;
				CLANG_WARN_RANGE_LOOP_ANALYSIS = YES;
				CLANG_WARN_STRICT_PROTOTYPES = YES;
				CLANG_WARN_SUSPICIOUS_MOVE = YES;
				CLANG_WARN_UNGUARDED_AVAILABILITY = YES_AGGRESSIVE;
				CLANG_WARN_UNREACHABLE_CODE = YES;
				CLANG_WARN__DUPLICATE_METHOD_MATCH = YES;
				COPY_PHASE_STRIP = NO;
				DEBUG_INFORMATION_FORMAT = "dwarf-with-dsym";
				ENABLE_NS_ASSERTIONS = NO;
				ENABLE_STRICT_OBJC_MSGSEND = YES;
				GCC_C_LANGUAGE_STANDARD = gnu11;
				GCC_NO_COMMON_BLOCKS = YES;
				GCC_WARN_64_TO_32_BIT_CONVERSION = YES;
				GCC_WARN_ABOUT_RETURN_TYPE = YES_ERROR;
				GCC_WARN_UNDECLARED_SELECTOR = YES;
				GCC_WARN_UNINITIALIZED_AUTOS = YES_AGGRESSIVE;
				GCC_WARN_UNUSED_FUNCTION = YES;
				GCC_WARN_UNUSED_VARIABLE = YES;
				IPHONEOS_DEPLOYMENT_TARGET = 16.4;
				MTL_ENABLE_DEBUG_INFO = NO;
				MTL_FAST_MATH = YES;
				SDKROOT = iphoneos;
				SWIFT_COMPILATION_MODE = wholemodule;
				SWIFT_OPTIMIZATION_LEVEL = "-O";
				VALIDATE_PRODUCT = YES;
			};
			name = Release;
		};
		AFC33C5F2A873981003AC0B3 /* Debug */ = {
			isa = XCBuildConfiguration;
			buildSettings = {
				ASSETCATALOG_COMPILER_APPICON_NAME = AppIcon;
				ASSETCATALOG_COMPILER_GLOBAL_ACCENT_COLOR_NAME = AccentColor;
				CODE_SIGN_STYLE = Automatic;
				CURRENT_PROJECT_VERSION = 1;
				DEVELOPMENT_ASSET_PATHS = "\"myHockey Victoria/Preview Content\"";
				DEVELOPMENT_TEAM = 4W572TG7MY;
				ENABLE_PREVIEWS = YES;
				GENERATE_INFOPLIST_FILE = YES;
				INFOPLIST_KEY_UIApplicationSceneManifest_Generation = YES;
				INFOPLIST_KEY_UIApplicationSupportsIndirectInputEvents = YES;
				INFOPLIST_KEY_UILaunchScreen_Generation = YES;
				INFOPLIST_KEY_UISupportedInterfaceOrientations_iPad = "UIInterfaceOrientationPortrait UIInterfaceOrientationPortraitUpsideDown UIInterfaceOrientationLandscapeLeft UIInterfaceOrientationLandscapeRight";
				INFOPLIST_KEY_UISupportedInterfaceOrientations_iPhone = "UIInterfaceOrientationPortrait UIInterfaceOrientationLandscapeLeft UIInterfaceOrientationLandscapeRight";
				LD_RUNPATH_SEARCH_PATHS = (
					"$(inherited)",
					"@executable_path/Frameworks",
				);
				MARKETING_VERSION = 1.0;
				PRODUCT_BUNDLE_IDENTIFIER = "com.brettmoxey.myHockey-Victoria";
				PRODUCT_NAME = "$(TARGET_NAME)";
				SWIFT_EMIT_LOC_STRINGS = YES;
				SWIFT_VERSION = 5.0;
				TARGETED_DEVICE_FAMILY = "1,2";
			};
			name = Debug;
		};
		AFC33C602A873981003AC0B3 /* Release */ = {
			isa = XCBuildConfiguration;
			buildSettings = {
				ASSETCATALOG_COMPILER_APPICON_NAME = AppIcon;
				ASSETCATALOG_COMPILER_GLOBAL_ACCENT_COLOR_NAME = AccentColor;
				CODE_SIGN_STYLE = Automatic;
				CURRENT_PROJECT_VERSION = 1;
				DEVELOPMENT_ASSET_PATHS = "\"myHockey Victoria/Preview Content\"";
				DEVELOPMENT_TEAM = 4W572TG7MY;
				ENABLE_PREVIEWS = YES;
				GENERATE_INFOPLIST_FILE = YES;
				INFOPLIST_KEY_UIApplicationSceneManifest_Generation = YES;
				INFOPLIST_KEY_UIApplicationSupportsIndirectInputEvents = YES;
				INFOPLIST_KEY_UILaunchScreen_Generation = YES;
				INFOPLIST_KEY_UISupportedInterfaceOrientations_iPad = "UIInterfaceOrientationPortrait UIInterfaceOrientationPortraitUpsideDown UIInterfaceOrientationLandscapeLeft UIInterfaceOrientationLandscapeRight";
				INFOPLIST_KEY_UISupportedInterfaceOrientations_iPhone = "UIInterfaceOrientationPortrait UIInterfaceOrientationLandscapeLeft UIInterfaceOrientationLandscapeRight";
				LD_RUNPATH_SEARCH_PATHS = (
					"$(inherited)",
					"@executable_path/Frameworks",
				);
				MARKETING_VERSION = 1.0;
				PRODUCT_BUNDLE_IDENTIFIER = "com.brettmoxey.myHockey-Victoria";
				PRODUCT_NAME = "$(TARGET_NAME)";
				SWIFT_EMIT_LOC_STRINGS = YES;
				SWIFT_VERSION = 5.0;
				TARGETED_DEVICE_FAMILY = "1,2";
			};
			name = Release;
		};
/* End XCBuildConfiguration section */

/* Begin XCConfigurationList section */
		AFC33C4B2A873981003AC0B3 /* Build configuration list for PBXProject "myHockey Victoria" */ = {
			isa = XCConfigurationList;
			buildConfigurations = (
				AFC33C5C2A873981003AC0B3 /* Debug */,
				AFC33C5D2A873981003AC0B3 /* Release */,
			);
			defaultConfigurationIsVisible = 0;
			defaultConfigurationName = Release;
		};
		AFC33C5E2A873981003AC0B3 /* Build configuration list for PBXNativeTarget "myHockey Victoria" */ = {
			isa = XCConfigurationList;
			buildConfigurations = (
				AFC33C5F2A873981003AC0B3 /* Debug */,
				AFC33C602A873981003AC0B3 /* Release */,
			);
			defaultConfigurationIsVisible = 0;
			defaultConfigurationName = Release;
		};
/* End XCConfigurationList section */
	};
	rootObject = AFC33C482A873981003AC0B3 /* Project object */;
}
